proto_outdir = "./proto"

[[dependencies]]
  target = "github.com/envoyproxy/protoc-gen-validate"
  subgroup = ""
  revision = "32c2415389a3538082507ae537e7edd9578c64ed"
  branch = ""
  path = ""
  ignores = ["gogoproto", "java", "tests", "vendor"]
  protocol = "https"

[[dependencies]]
  target = "github.com/GincoInc/protobuf/proto/gincoinc/global"
  subgroup = ""
  revision = "10a4bfb7a42b435e660745da3428a69e0991e7dc"
  branch = ""
  path = "gincoinc/global"
  protocol = "ssh"

[[dependencies]]
  target = "github.com/GincoInc/protobuf/proto/gincoinc/adamant/global"
  subgroup = ""
  revision = "10a4bfb7a42b435e660745da3428a69e0991e7dc"
  branch = ""
  path = "gincoinc/adamant/global"
  protocol = "ssh"

[[dependencies]]
  target = "github.com/GincoInc/protobuf/proto/gincoinc/adamant/teller"
  subgroup = ""
  revision = "10a4bfb7a42b435e660745da3428a69e0991e7dc"
  branch = ""
  path = "gincoinc/adamant/teller"
  protocol = "ssh"
