proto_outdir = "./proto"

[[dependencies]]
  target = "github.com/envoyproxy/protoc-gen-validate"
  subgroup = ""
  revision = "8ed4f9cc85f771d1f29838a1e4a66b7565ca70ba"
  branch = ""
  path = ""
  ignores = ["gogoproto", "java", "tests", "vendor", "example-workspace"]
  protocol = ""

[[dependencies]]
  target = "github.com/GincoInc/protobuf/proto/gincoinc/global"
  subgroup = ""
  revision = "0e7223927b66a4bc19c75f92f3856a1e629854f2"
  branch = ""
  path = "gincoinc/global"
  protocol = ""

[[dependencies]]
  target = "github.com/GincoInc/protobuf/proto/gincoinc/adamant/global"
  subgroup = ""
  revision = "0e7223927b66a4bc19c75f92f3856a1e629854f2"
  branch = ""
  path = "gincoinc/adamant/global"
  protocol = ""

[[dependencies]]
  target = "github.com/GincoInc/protobuf/proto/gincoinc/adamant/teller"
  subgroup = ""
  revision = "0e7223927b66a4bc19c75f92f3856a1e629854f2"
  branch = ""
  path = "gincoinc/adamant/teller"
  protocol = ""
