proto_outdir = "./proto"

[[dependencies]]
  target = "github.com/envoyproxy/protoc-gen-validate"
  subgroup = ""
  revision = "87c1d2acd1404293838d7e8b7c483b4b7828ba4f"
  branch = ""
  path = ""
  ignores = ["gogoproto", "java", "tests", "vendor"]
  protocol = "https"

[[dependencies]]
  target = "github.com/GincoInc/protobuf/proto/gincoinc/global"
  subgroup = ""
  revision = "0a5b8a9529ef1ec00ad23d6408040323063918c2"
  branch = ""
  path = "gincoinc/global"
  protocol = "ssh"

[[dependencies]]
  target = "github.com/GincoInc/protobuf/proto/gincoinc/adamant/global"
  subgroup = ""
  revision = "0a5b8a9529ef1ec00ad23d6408040323063918c2"
  branch = ""
  path = "gincoinc/adamant/global"
  protocol = "ssh"

[[dependencies]]
  target = "github.com/GincoInc/protobuf/proto/gincoinc/adamant/teller"
  subgroup = ""
  revision = "0a5b8a9529ef1ec00ad23d6408040323063918c2"
  branch = ""
  path = "gincoinc/adamant/teller"
  protocol = "ssh"
